
Microsoft Visual Studio Solution File, Format Version 12.00
# Visual Studio 15
VisualStudioVersion = 15.0.28307.168
MinimumVisualStudioVersion = 10.0.40219.1
Project("{FAE04EC0-301F-11D3-BF4B-00C04F79EFBC}") = "idade", "idade\idade.csproj", "{327A9F85-D7AC-4275-90A0-BF8A063AD836}"
EndProject
Global
	GlobalSection(SolutionConfigurationPlatforms) = preSolution
		Debug|Any CPU = Debug|Any CPU
		Release|Any CPU = Release|Any CPU
	EndGlobalSection
	GlobalSection(ProjectConfigurationPlatforms) = postSolution
		{327A9F85-D7AC-4275-90A0-BF8A063AD836}.Debug|Any CPU.ActiveCfg = Debug|Any CPU
		{327A9F85-D7AC-4275-90A0-BF8A063AD836}.Debug|Any CPU.Build.0 = Debug|Any CPU
		{327A9F85-D7AC-4275-90A0-BF8A063AD836}.Release|Any CPU.ActiveCfg = Release|Any CPU
		{327A9F85-D7AC-4275-90A0-BF8A063AD836}.Release|Any CPU.Build.0 = Release|Any CPU
	EndGlobalSection
	GlobalSection(SolutionProperties) = preSolution
		HideSolutionNode = FALSE
	EndGlobalSection
	GlobalSection(ExtensibilityGlobals) = postSolution
		SolutionGuid = {32ABADA8-C7DA-41C8-8E82-8C924F7CEAAD}
	EndGlobalSection
EndGlobal
